
Microsoft Visual Studio Solution File, Format Version 12.00
# Visual Studio Version 17
VisualStudioVersion = 17.10.35027.167
MinimumVisualStudioVersion = 10.0.40219.1
Project("{2150E333-8FDC-42A3-9474-1A3956D46DE8}") = "Services", "Services", "{D90DEB52-BF7E-4FD1-BA63-28D9CAFACE83}"
EndProject
Project("{2150E333-8FDC-42A3-9474-1A3956D46DE8}") = "Catalog", "Catalog", "{564A8398-B827-4FE6-A3BD-133D2E985921}"
EndProject
Project("{9A19103F-16F7-4668-BE54-9A1E7A4F7556}") = "CatalogAPI", "Services\Catalog\CatalogAPI\CatalogAPI.csproj", "{4908732B-6D76-4B62-A428-08D2220BC56A}"
EndProject
Project("{2150E333-8FDC-42A3-9474-1A3956D46DE8}") = "BuildingBlocks", "BuildingBlocks", "{A26A9299-799A-4D82-9F71-E52E98BF2B49}"
EndProject
Project("{9A19103F-16F7-4668-BE54-9A1E7A4F7556}") = "BuildingBlocks", "BuildingBlocks\BuildingBlocks\BuildingBlocks.csproj", "{EF0BE44C-CFE0-4C19-B89F-056E3D02C546}"
EndProject
Project("{E53339B2-1760-4266-BCC7-CA923CBCF16C}") = "docker-compose", "docker-compose.dcproj", "{70223052-C5C0-4D87-AB6B-DDBF616ACB26}"
EndProject
Project("{2150E333-8FDC-42A3-9474-1A3956D46DE8}") = "Basket", "Basket", "{B1576603-29EF-4ED9-97F7-28DA3C09A8C6}"
EndProject
Project("{9A19103F-16F7-4668-BE54-9A1E7A4F7556}") = "Basket.API", "Services\Basket\Basket.API\Basket.API.csproj", "{C4F29E1B-C0BD-4C8C-9F40-35DFFC25C7EB}"
EndProject
Project("{2150E333-8FDC-42A3-9474-1A3956D46DE8}") = "Discount", "Discount", "{0E180B4A-E82C-454F-A6F6-0E21DAF4C96C}"
EndProject
Project("{9A19103F-16F7-4668-BE54-9A1E7A4F7556}") = "Discount.Grpc", "Services\Discount\Discount.Grpc\Discount.Grpc.csproj", "{2503531A-34F2-4B2D-81C7-83ED88106BDF}"
EndProject
Project("{2150E333-8FDC-42A3-9474-1A3956D46DE8}") = "Ordering", "Ordering", "{24A1252D-1D94-4AD0-89A1-EFD0BBA09A43}"
EndProject
Project("{9A19103F-16F7-4668-BE54-9A1E7A4F7556}") = "Ordering.API", "Services\Ordering\Ordering.API\Ordering.API.csproj", "{F3540D66-2538-4485-8693-09FF17064174}"
EndProject
Project("{9A19103F-16F7-4668-BE54-9A1E7A4F7556}") = "Ordering.Domain", "Services\Ordering\Ordering.Domain\Ordering.Domain.csproj", "{E0DF01D9-CC0D-4835-BD9D-1B41C68C2352}"
EndProject
Project("{9A19103F-16F7-4668-BE54-9A1E7A4F7556}") = "Ordering.Application", "Services\Ordering\Ordering.Application\Ordering.Application.csproj", "{57D7FA47-1D53-4BDF-9E77-42D3A6B83173}"
EndProject
Project("{9A19103F-16F7-4668-BE54-9A1E7A4F7556}") = "Ordering.Infrastructure", "Services\Ordering\Ordering.Infrastructure\Ordering.Infrastructure.csproj", "{17E77B55-B400-4EF7-B4B9-2A9332F7F8FF}"
EndProject
Project("{9A19103F-16F7-4668-BE54-9A1E7A4F7556}") = "BuildingBlocks.Messaging", "BuildingBlocks\BuildingBlocks.Messaging\BuildingBlocks.Messaging.csproj", "{0D911F6F-F464-47AA-9D84-90B406FF9EBF}"
EndProject
Project("{2150E333-8FDC-42A3-9474-1A3956D46DE8}") = "ApiGateways", "ApiGateways", "{05B786C2-BDB6-43E3-8767-235CB23E3A4B}"
EndProject
Project("{FAE04EC0-301F-11D3-BF4B-00C04F79EFBC}") = "YarpApiGateway", "ApiGateways\YarpApiGateway\YarpApiGateway.csproj", "{B91B534D-65B3-46E5-83DC-099B0FD83EDE}"
EndProject
Global
	GlobalSection(SolutionConfigurationPlatforms) = preSolution
		Debug|Any CPU = Debug|Any CPU
		Release|Any CPU = Release|Any CPU
	EndGlobalSection
	GlobalSection(ProjectConfigurationPlatforms) = postSolution
		{4908732B-6D76-4B62-A428-08D2220BC56A}.Debug|Any CPU.ActiveCfg = Debug|Any CPU
		{4908732B-6D76-4B62-A428-08D2220BC56A}.Debug|Any CPU.Build.0 = Debug|Any CPU
		{4908732B-6D76-4B62-A428-08D2220BC56A}.Release|Any CPU.ActiveCfg = Release|Any CPU
		{4908732B-6D76-4B62-A428-08D2220BC56A}.Release|Any CPU.Build.0 = Release|Any CPU
		{EF0BE44C-CFE0-4C19-B89F-056E3D02C546}.Debug|Any CPU.ActiveCfg = Debug|Any CPU
		{EF0BE44C-CFE0-4C19-B89F-056E3D02C546}.Debug|Any CPU.Build.0 = Debug|Any CPU
		{EF0BE44C-CFE0-4C19-B89F-056E3D02C546}.Release|Any CPU.ActiveCfg = Release|Any CPU
		{EF0BE44C-CFE0-4C19-B89F-056E3D02C546}.Release|Any CPU.Build.0 = Release|Any CPU
		{70223052-C5C0-4D87-AB6B-DDBF616ACB26}.Debug|Any CPU.ActiveCfg = Debug|Any CPU
		{70223052-C5C0-4D87-AB6B-DDBF616ACB26}.Debug|Any CPU.Build.0 = Debug|Any CPU
		{70223052-C5C0-4D87-AB6B-DDBF616ACB26}.Release|Any CPU.ActiveCfg = Release|Any CPU
		{70223052-C5C0-4D87-AB6B-DDBF616ACB26}.Release|Any CPU.Build.0 = Release|Any CPU
		{C4F29E1B-C0BD-4C8C-9F40-35DFFC25C7EB}.Debug|Any CPU.ActiveCfg = Debug|Any CPU
		{C4F29E1B-C0BD-4C8C-9F40-35DFFC25C7EB}.Debug|Any CPU.Build.0 = Debug|Any CPU
		{C4F29E1B-C0BD-4C8C-9F40-35DFFC25C7EB}.Release|Any CPU.ActiveCfg = Release|Any CPU
		{C4F29E1B-C0BD-4C8C-9F40-35DFFC25C7EB}.Release|Any CPU.Build.0 = Release|Any CPU
		{2503531A-34F2-4B2D-81C7-83ED88106BDF}.Debug|Any CPU.ActiveCfg = Debug|Any CPU
		{2503531A-34F2-4B2D-81C7-83ED88106BDF}.Debug|Any CPU.Build.0 = Debug|Any CPU
		{2503531A-34F2-4B2D-81C7-83ED88106BDF}.Release|Any CPU.ActiveCfg = Release|Any CPU
		{2503531A-34F2-4B2D-81C7-83ED88106BDF}.Release|Any CPU.Build.0 = Release|Any CPU
		{F3540D66-2538-4485-8693-09FF17064174}.Debug|Any CPU.ActiveCfg = Debug|Any CPU
		{F3540D66-2538-4485-8693-09FF17064174}.Debug|Any CPU.Build.0 = Debug|Any CPU
		{F3540D66-2538-4485-8693-09FF17064174}.Release|Any CPU.ActiveCfg = Release|Any CPU
		{F3540D66-2538-4485-8693-09FF17064174}.Release|Any CPU.Build.0 = Release|Any CPU
		{E0DF01D9-CC0D-4835-BD9D-1B41C68C2352}.Debug|Any CPU.ActiveCfg = Debug|Any CPU
		{E0DF01D9-CC0D-4835-BD9D-1B41C68C2352}.Debug|Any CPU.Build.0 = Debug|Any CPU
		{E0DF01D9-CC0D-4835-BD9D-1B41C68C2352}.Release|Any CPU.ActiveCfg = Release|Any CPU
		{E0DF01D9-CC0D-4835-BD9D-1B41C68C2352}.Release|Any CPU.Build.0 = Release|Any CPU
		{57D7FA47-1D53-4BDF-9E77-42D3A6B83173}.Debug|Any CPU.ActiveCfg = Debug|Any CPU
		{57D7FA47-1D53-4BDF-9E77-42D3A6B83173}.Debug|Any CPU.Build.0 = Debug|Any CPU
		{57D7FA47-1D53-4BDF-9E77-42D3A6B83173}.Release|Any CPU.ActiveCfg = Release|Any CPU
		{57D7FA47-1D53-4BDF-9E77-42D3A6B83173}.Release|Any CPU.Build.0 = Release|Any CPU
		{17E77B55-B400-4EF7-B4B9-2A9332F7F8FF}.Debug|Any CPU.ActiveCfg = Debug|Any CPU
		{17E77B55-B400-4EF7-B4B9-2A9332F7F8FF}.Debug|Any CPU.Build.0 = Debug|Any CPU
		{17E77B55-B400-4EF7-B4B9-2A9332F7F8FF}.Release|Any CPU.ActiveCfg = Release|Any CPU
		{17E77B55-B400-4EF7-B4B9-2A9332F7F8FF}.Release|Any CPU.Build.0 = Release|Any CPU
		{0D911F6F-F464-47AA-9D84-90B406FF9EBF}.Debug|Any CPU.ActiveCfg = Debug|Any CPU
		{0D911F6F-F464-47AA-9D84-90B406FF9EBF}.Debug|Any CPU.Build.0 = Debug|Any CPU
		{0D911F6F-F464-47AA-9D84-90B406FF9EBF}.Release|Any CPU.ActiveCfg = Release|Any CPU
		{0D911F6F-F464-47AA-9D84-90B406FF9EBF}.Release|Any CPU.Build.0 = Release|Any CPU
		{B91B534D-65B3-46E5-83DC-099B0FD83EDE}.Debug|Any CPU.ActiveCfg = Debug|Any CPU
		{B91B534D-65B3-46E5-83DC-099B0FD83EDE}.Debug|Any CPU.Build.0 = Debug|Any CPU
		{B91B534D-65B3-46E5-83DC-099B0FD83EDE}.Release|Any CPU.ActiveCfg = Release|Any CPU
		{B91B534D-65B3-46E5-83DC-099B0FD83EDE}.Release|Any CPU.Build.0 = Release|Any CPU
	EndGlobalSection
	GlobalSection(SolutionProperties) = preSolution
		HideSolutionNode = FALSE
	EndGlobalSection
	GlobalSection(NestedProjects) = preSolution
		{564A8398-B827-4FE6-A3BD-133D2E985921} = {D90DEB52-BF7E-4FD1-BA63-28D9CAFACE83}
		{4908732B-6D76-4B62-A428-08D2220BC56A} = {564A8398-B827-4FE6-A3BD-133D2E985921}
		{EF0BE44C-CFE0-4C19-B89F-056E3D02C546} = {A26A9299-799A-4D82-9F71-E52E98BF2B49}
		{B1576603-29EF-4ED9-97F7-28DA3C09A8C6} = {D90DEB52-BF7E-4FD1-BA63-28D9CAFACE83}
		{C4F29E1B-C0BD-4C8C-9F40-35DFFC25C7EB} = {B1576603-29EF-4ED9-97F7-28DA3C09A8C6}
		{0E180B4A-E82C-454F-A6F6-0E21DAF4C96C} = {D90DEB52-BF7E-4FD1-BA63-28D9CAFACE83}
		{2503531A-34F2-4B2D-81C7-83ED88106BDF} = {0E180B4A-E82C-454F-A6F6-0E21DAF4C96C}
		{24A1252D-1D94-4AD0-89A1-EFD0BBA09A43} = {D90DEB52-BF7E-4FD1-BA63-28D9CAFACE83}
		{F3540D66-2538-4485-8693-09FF17064174} = {24A1252D-1D94-4AD0-89A1-EFD0BBA09A43}
		{E0DF01D9-CC0D-4835-BD9D-1B41C68C2352} = {24A1252D-1D94-4AD0-89A1-EFD0BBA09A43}
		{57D7FA47-1D53-4BDF-9E77-42D3A6B83173} = {24A1252D-1D94-4AD0-89A1-EFD0BBA09A43}
		{17E77B55-B400-4EF7-B4B9-2A9332F7F8FF} = {24A1252D-1D94-4AD0-89A1-EFD0BBA09A43}
		{0D911F6F-F464-47AA-9D84-90B406FF9EBF} = {A26A9299-799A-4D82-9F71-E52E98BF2B49}
		{B91B534D-65B3-46E5-83DC-099B0FD83EDE} = {05B786C2-BDB6-43E3-8767-235CB23E3A4B}
	EndGlobalSection
	GlobalSection(ExtensibilityGlobals) = postSolution
		SolutionGuid = {7EC44346-3A1C-4E04-8F34-4A2ABBB1FC8B}
	EndGlobalSection
EndGlobal
